
Microsoft Visual Studio Solution File, Format Version 12.00
# Visual Studio Version 16
VisualStudioVersion = 16.0.30114.105
MinimumVisualStudioVersion = 10.0.40219.1
Project("{FAE04EC0-301F-11D3-BF4B-00C04F79EFBC}") = "Test", "Test\Test.csproj", "{419D91B0-4A8A-4A4C-81FF-4B162F022889}"
EndProject
Global
	GlobalSection(SolutionConfigurationPlatforms) = preSolution
		Debug|Any CPU = Debug|Any CPU
		Release|Any CPU = Release|Any CPU
	EndGlobalSection
	GlobalSection(ProjectConfigurationPlatforms) = postSolution
		{419D91B0-4A8A-4A4C-81FF-4B162F022889}.Debug|Any CPU.ActiveCfg = Debug|Any CPU
		{419D91B0-4A8A-4A4C-81FF-4B162F022889}.Debug|Any CPU.Build.0 = Debug|Any CPU
		{419D91B0-4A8A-4A4C-81FF-4B162F022889}.Release|Any CPU.ActiveCfg = Release|Any CPU
		{419D91B0-4A8A-4A4C-81FF-4B162F022889}.Release|Any CPU.Build.0 = Release|Any CPU
	EndGlobalSection
	GlobalSection(SolutionProperties) = preSolution
		HideSolutionNode = FALSE
	EndGlobalSection
	GlobalSection(ExtensibilityGlobals) = postSolution
		SolutionGuid = {C4AF9CCB-DABC-42A4-B79B-17C7669FE8E8}
	EndGlobalSection
EndGlobal
